
Microsoft Visual Studio Solution File, Format Version 12.00
# Visual Studio Version 17
VisualStudioVersion = 17.6.33829.357
MinimumVisualStudioVersion = 10.0.40219.1
Project("{9A19103F-16F7-4668-BE54-9A1E7A4F7556}") = "BusinessLogicLayer", "BusinessLogicLayer.csproj", "{15101805-2EC5-4F35-BDE5-A0F1362E6D29}"
EndProject
Project("{9A19103F-16F7-4668-BE54-9A1E7A4F7556}") = "DataAccessLayer", "..\DataAccessLayer\DataAccessLayer.csproj", "{EBE2B75D-6EDE-4D0C-A013-47171BBDA9C2}"
EndProject
Project("{FAE04EC0-301F-11D3-BF4B-00C04F79EFBC}") = "CarRentalService", "..\CarRentalService\CarRentalService.csproj", "{61CDBE99-2E70-482D-87E6-DDE5DF05A1D7}"
EndProject
Global
	GlobalSection(SolutionConfigurationPlatforms) = preSolution
		Debug|Any CPU = Debug|Any CPU
		Release|Any CPU = Release|Any CPU
	EndGlobalSection
	GlobalSection(ProjectConfigurationPlatforms) = postSolution
		{15101805-2EC5-4F35-BDE5-A0F1362E6D29}.Debug|Any CPU.ActiveCfg = Debug|Any CPU
		{15101805-2EC5-4F35-BDE5-A0F1362E6D29}.Debug|Any CPU.Build.0 = Debug|Any CPU
		{15101805-2EC5-4F35-BDE5-A0F1362E6D29}.Release|Any CPU.ActiveCfg = Release|Any CPU
		{15101805-2EC5-4F35-BDE5-A0F1362E6D29}.Release|Any CPU.Build.0 = Release|Any CPU
		{EBE2B75D-6EDE-4D0C-A013-47171BBDA9C2}.Debug|Any CPU.ActiveCfg = Debug|Any CPU
		{EBE2B75D-6EDE-4D0C-A013-47171BBDA9C2}.Debug|Any CPU.Build.0 = Debug|Any CPU
		{EBE2B75D-6EDE-4D0C-A013-47171BBDA9C2}.Release|Any CPU.ActiveCfg = Release|Any CPU
		{EBE2B75D-6EDE-4D0C-A013-47171BBDA9C2}.Release|Any CPU.Build.0 = Release|Any CPU
		{61CDBE99-2E70-482D-87E6-DDE5DF05A1D7}.Debug|Any CPU.ActiveCfg = Debug|Any CPU
		{61CDBE99-2E70-482D-87E6-DDE5DF05A1D7}.Debug|Any CPU.Build.0 = Debug|Any CPU
		{61CDBE99-2E70-482D-87E6-DDE5DF05A1D7}.Release|Any CPU.ActiveCfg = Release|Any CPU
		{61CDBE99-2E70-482D-87E6-DDE5DF05A1D7}.Release|Any CPU.Build.0 = Release|Any CPU
	EndGlobalSection
	GlobalSection(SolutionProperties) = preSolution
		HideSolutionNode = FALSE
	EndGlobalSection
	GlobalSection(ExtensibilityGlobals) = postSolution
		SolutionGuid = {6DB6AD92-9474-4FF7-8D10-A0AE376E9DAF}
	EndGlobalSection
EndGlobal
